// !$*UTF8*$!
{
	archiveVersion = 1;
	classes = {
	};
	objectVersion = 46;
	objects = {

/* Begin PBXBuildFile section */
		7B5A3F1BE6B2D202EF8A2AFE /* libPods-XSound.a in Frameworks */ = {isa = PBXBuildFile; fileRef = 581823E12DEED1EF665243EB /* libPods-XSound.a */; };
		84A9229EC45C58D464998717 /* libPods-XSoundUITests.a in Frameworks */ = {isa = PBXBuildFile; fileRef = BB715B35A293248BAAAFEDCC /* libPods-XSoundUITests.a */; };
		A8BEED3C1EE152F8002BAFFE /* main.m in Sources */ = {isa = PBXBuildFile; fileRef = A8BEED3B1EE152F8002BAFFE /* main.m */; };
		A8BEED3F1EE152F8002BAFFE /* AppDelegate.m in Sources */ = {isa = PBXBuildFile; fileRef = A8BEED3E1EE152F8002BAFFE /* AppDelegate.m */; };
		A8BEED421EE152F8002BAFFE /* ViewController.m in Sources */ = {isa = PBXBuildFile; fileRef = A8BEED411EE152F8002BAFFE /* ViewController.m */; };
		A8BEED451EE152F8002BAFFE /* Main.storyboard in Resources */ = {isa = PBXBuildFile; fileRef = A8BEED431EE152F8002BAFFE /* Main.storyboard */; };
		A8BEED471EE152F8002BAFFE /* Assets.xcassets in Resources */ = {isa = PBXBuildFile; fileRef = A8BEED461EE152F8002BAFFE /* Assets.xcassets */; };
		A8BEED4A1EE152F8002BAFFE /* LaunchScreen.storyboard in Resources */ = {isa = PBXBuildFile; fileRef = A8BEED481EE152F8002BAFFE /* LaunchScreen.storyboard */; };
		A8BEED551EE152F8002BAFFE /* XSoundTests.m in Sources */ = {isa = PBXBuildFile; fileRef = A8BEED541EE152F8002BAFFE /* XSoundTests.m */; };
		A8BEED601EE152F8002BAFFE /* XSoundUITests.m in Sources */ = {isa = PBXBuildFile; fileRef = A8BEED5F1EE152F8002BAFFE /* XSoundUITests.m */; };
		A8C2FD131EEFBD8A009E7651 /* PlayView.m in Sources */ = {isa = PBXBuildFile; fileRef = A8C2FD121EEFBD8A009E7651 /* PlayView.m */; };
		A8C2FD151EF12DD6009E7651 /* rain.mp3 in Resources */ = {isa = PBXBuildFile; fileRef = A8C2FD141EF12DD6009E7651 /* rain.mp3 */; };
		A8C2FD171EF12E0A009E7651 /* thunderstorm.mp3 in Resources */ = {isa = PBXBuildFile; fileRef = A8C2FD161EF12E0A009E7651 /* thunderstorm.mp3 */; };
		A8C2FD1B1EF14249009E7651 /* train.mp3 in Resources */ = {isa = PBXBuildFile; fileRef = A8C2FD1A1EF14249009E7651 /* train.mp3 */; };
		A8C2FD211EF266E5009E7651 /* summernight.mp3 in Resources */ = {isa = PBXBuildFile; fileRef = A8C2FD201EF266E5009E7651 /* summernight.mp3 */; };
		A8C2FD231EF26A29009E7651 /* pinknoise.mp3 in Resources */ = {isa = PBXBuildFile; fileRef = A8C2FD221EF26A29009E7651 /* pinknoise.mp3 */; };
		A8C2FD251EF27064009E7651 /* whitenoise.wav in Resources */ = {isa = PBXBuildFile; fileRef = A8C2FD241EF27064009E7651 /* whitenoise.wav */; };
		A8C2FD271EF2706A009E7651 /* pinknoise.wav in Resources */ = {isa = PBXBuildFile; fileRef = A8C2FD261EF2706A009E7651 /* pinknoise.wav */; };
		A8C2FD291EF27499009E7651 /* brownnoise.wav in Resources */ = {isa = PBXBuildFile; fileRef = A8C2FD281EF27499009E7651 /* brownnoise.wav */; };
		A8C2FD2B1EF27BC2009E7651 /* seaside.mp3 in Resources */ = {isa = PBXBuildFile; fileRef = A8C2FD2A1EF27BC2009E7651 /* seaside.mp3 */; };
		A8C2FD2D1EF27C51009E7651 /* fire.mp3 in Resources */ = {isa = PBXBuildFile; fileRef = A8C2FD2C1EF27C51009E7651 /* fire.mp3 */; };
		A8C2FD2F1EF27EC8009E7651 /* water.mp3 in Resources */ = {isa = PBXBuildFile; fileRef = A8C2FD2E1EF27EC8009E7651 /* water.mp3 */; };
		A8C2FD311EF27F60009E7651 /* waterstream.mp3 in Resources */ = {isa = PBXBuildFile; fileRef = A8C2FD301EF27F60009E7651 /* waterstream.mp3 */; };
		A8C2FD331EF280EA009E7651 /* forest.mp3 in Resources */ = {isa = PBXBuildFile; fileRef = A8C2FD321EF280EA009E7651 /* forest.mp3 */; };
		A8C2FD351EF2822A009E7651 /* leaves.mp3 in Resources */ = {isa = PBXBuildFile; fileRef = A8C2FD341EF2822A009E7651 /* leaves.mp3 */; };
		D4A1A316749E8AA8AD04204C /* libPods-XSoundTests.a in Frameworks */ = {isa = PBXBuildFile; fileRef = BB0C1DB3BF1174FFDA6E0E0F /* libPods-XSoundTests.a */; };
/* End PBXBuildFile section */

/* Begin PBXContainerItemProxy section */
		A8BEED511EE152F8002BAFFE /* PBXContainerItemProxy */ = {
			isa = PBXContainerItemProxy;
			containerPortal = A8BEED2F1EE152F8002BAFFE /* Project object */;
			proxyType = 1;
			remoteGlobalIDString = A8BEED361EE152F8002BAFFE;
			remoteInfo = XSound;
		};
		A8BEED5C1EE152F8002BAFFE /* PBXContainerItemProxy */ = {
			isa = PBXContainerItemProxy;
			containerPortal = A8BEED2F1EE152F8002BAFFE /* Project object */;
			proxyType = 1;
			remoteGlobalIDString = A8BEED361EE152F8002BAFFE;
			remoteInfo = XSound;
		};
/* End PBXContainerItemProxy section */

/* Begin PBXFileReference section */
		10929C745E622A1FE90095BD /* Pods-XSound.debug.xcconfig */ = {isa = PBXFileReference; includeInIndex = 1; lastKnownFileType = text.xcconfig; name = "Pods-XSound.debug.xcconfig"; path = "Pods/Target Support Files/Pods-XSound/Pods-XSound.debug.xcconfig"; sourceTree = "<group>"; };
		1DFAE8A289F6C45B6503D004 /* Pods-XSound.release.xcconfig */ = {isa = PBXFileReference; includeInIndex = 1; lastKnownFileType = text.xcconfig; name = "Pods-XSound.release.xcconfig"; path = "Pods/Target Support Files/Pods-XSound/Pods-XSound.release.xcconfig"; sourceTree = "<group>"; };
		544AC317BFF96E72C58B9276 /* Pods-XSoundTests.debug.xcconfig */ = {isa = PBXFileReference; includeInIndex = 1; lastKnownFileType = text.xcconfig; name = "Pods-XSoundTests.debug.xcconfig"; path = "Pods/Target Support Files/Pods-XSoundTests/Pods-XSoundTests.debug.xcconfig"; sourceTree = "<group>"; };
		581823E12DEED1EF665243EB /* libPods-XSound.a */ = {isa = PBXFileReference; explicitFileType = archive.ar; includeInIndex = 0; path = "libPods-XSound.a"; sourceTree = BUILT_PRODUCTS_DIR; };
		5ECB3B51BFDE313178787BD4 /* Pods-XSoundUITests.debug.xcconfig */ = {isa = PBXFileReference; includeInIndex = 1; lastKnownFileType = text.xcconfig; name = "Pods-XSoundUITests.debug.xcconfig"; path = "Pods/Target Support Files/Pods-XSoundUITests/Pods-XSoundUITests.debug.xcconfig"; sourceTree = "<group>"; };
		A38332CD1C189927D69962BC /* Pods-XSoundTests.release.xcconfig */ = {isa = PBXFileReference; includeInIndex = 1; lastKnownFileType = text.xcconfig; name = "Pods-XSoundTests.release.xcconfig"; path = "Pods/Target Support Files/Pods-XSoundTests/Pods-XSoundTests.release.xcconfig"; sourceTree = "<group>"; };
		A8BEED371EE152F8002BAFFE /* XSound.app */ = {isa = PBXFileReference; explicitFileType = wrapper.application; includeInIndex = 0; path = XSound.app; sourceTree = BUILT_PRODUCTS_DIR; };
		A8BEED3B1EE152F8002BAFFE /* main.m */ = {isa = PBXFileReference; lastKnownFileType = sourcecode.c.objc; path = main.m; sourceTree = "<group>"; };
		A8BEED3D1EE152F8002BAFFE /* AppDelegate.h */ = {isa = PBXFileReference; lastKnownFileType = sourcecode.c.h; path = AppDelegate.h; sourceTree = "<group>"; };
		A8BEED3E1EE152F8002BAFFE /* AppDelegate.m */ = {isa = PBXFileReference; lastKnownFileType = sourcecode.c.objc; path = AppDelegate.m; sourceTree = "<group>"; };
		A8BEED401EE152F8002BAFFE /* ViewController.h */ = {isa = PBXFileReference; lastKnownFileType = sourcecode.c.h; path = ViewController.h; sourceTree = "<group>"; };
		A8BEED411EE152F8002BAFFE /* ViewController.m */ = {isa = PBXFileReference; lastKnownFileType = sourcecode.c.objc; path = ViewController.m; sourceTree = "<group>"; };
		A8BEED441EE152F8002BAFFE /* Base */ = {isa = PBXFileReference; lastKnownFileType = file.storyboard; name = Base; path = Base.lproj/Main.storyboard; sourceTree = "<group>"; };
		A8BEED461EE152F8002BAFFE /* Assets.xcassets */ = {isa = PBXFileReference; lastKnownFileType = folder.assetcatalog; path = Assets.xcassets; sourceTree = "<group>"; };
		A8BEED491EE152F8002BAFFE /* Base */ = {isa = PBXFileReference; lastKnownFileType = file.storyboard; name = Base; path = Base.lproj/LaunchScreen.storyboard; sourceTree = "<group>"; };
		A8BEED4B1EE152F8002BAFFE /* Info.plist */ = {isa = PBXFileReference; lastKnownFileType = text.plist.xml; path = Info.plist; sourceTree = "<group>"; };
		A8BEED501EE152F8002BAFFE /* XSoundTests.xctest */ = {isa = PBXFileReference; explicitFileType = wrapper.cfbundle; includeInIndex = 0; path = XSoundTests.xctest; sourceTree = BUILT_PRODUCTS_DIR; };
		A8BEED541EE152F8002BAFFE /* XSoundTests.m */ = {isa = PBXFileReference; lastKnownFileType = sourcecode.c.objc; path = XSoundTests.m; sourceTree = "<group>"; };
		A8BEED561EE152F8002BAFFE /* Info.plist */ = {isa = PBXFileReference; lastKnownFileType = text.plist.xml; path = Info.plist; sourceTree = "<group>"; };
		A8BEED5B1EE152F8002BAFFE /* XSoundUITests.xctest */ = {isa = PBXFileReference; explicitFileType = wrapper.cfbundle; includeInIndex = 0; path = XSoundUITests.xctest; sourceTree = BUILT_PRODUCTS_DIR; };
		A8BEED5F1EE152F8002BAFFE /* XSoundUITests.m */ = {isa = PBXFileReference; lastKnownFileType = sourcecode.c.objc; path = XSoundUITests.m; sourceTree = "<group>"; };
		A8BEED611EE152F8002BAFFE /* Info.plist */ = {isa = PBXFileReference; lastKnownFileType = text.plist.xml; path = Info.plist; sourceTree = "<group>"; };
		A8C2FD111EEFBD8A009E7651 /* PlayView.h */ = {isa = PBXFileReference; fileEncoding = 4; lastKnownFileType = sourcecode.c.h; path = PlayView.h; sourceTree = "<group>"; };
		A8C2FD121EEFBD8A009E7651 /* PlayView.m */ = {isa = PBXFileReference; fileEncoding = 4; lastKnownFileType = sourcecode.c.objc; path = PlayView.m; sourceTree = "<group>"; };
		A8C2FD141EF12DD6009E7651 /* rain.mp3 */ = {isa = PBXFileReference; lastKnownFileType = audio.mp3; path = rain.mp3; sourceTree = "<group>"; };
		A8C2FD161EF12E0A009E7651 /* thunderstorm.mp3 */ = {isa = PBXFileReference; lastKnownFileType = audio.mp3; path = thunderstorm.mp3; sourceTree = "<group>"; };
		A8C2FD1A1EF14249009E7651 /* train.mp3 */ = {isa = PBXFileReference; lastKnownFileType = audio.mp3; path = train.mp3; sourceTree = "<group>"; };
		A8C2FD201EF266E5009E7651 /* summernight.mp3 */ = {isa = PBXFileReference; lastKnownFileType = audio.mp3; path = summernight.mp3; sourceTree = "<group>"; };
		A8C2FD221EF26A29009E7651 /* pinknoise.mp3 */ = {isa = PBXFileReference; lastKnownFileType = audio.mp3; path = pinknoise.mp3; sourceTree = "<group>"; };
		A8C2FD241EF27064009E7651 /* whitenoise.wav */ = {isa = PBXFileReference; lastKnownFileType = audio.wav; path = whitenoise.wav; sourceTree = "<group>"; };
		A8C2FD261EF2706A009E7651 /* pinknoise.wav */ = {isa = PBXFileReference; lastKnownFileType = audio.wav; path = pinknoise.wav; sourceTree = "<group>"; };
		A8C2FD281EF27499009E7651 /* brownnoise.wav */ = {isa = PBXFileReference; lastKnownFileType = audio.wav; path = brownnoise.wav; sourceTree = "<group>"; };
		A8C2FD2A1EF27BC2009E7651 /* seaside.mp3 */ = {isa = PBXFileReference; lastKnownFileType = audio.mp3; path = seaside.mp3; sourceTree = "<group>"; };
		A8C2FD2C1EF27C51009E7651 /* fire.mp3 */ = {isa = PBXFileReference; lastKnownFileType = audio.mp3; path = fire.mp3; sourceTree = "<group>"; };
		A8C2FD2E1EF27EC8009E7651 /* water.mp3 */ = {isa = PBXFileReference; lastKnownFileType = audio.mp3; path = water.mp3; sourceTree = "<group>"; };
		A8C2FD301EF27F60009E7651 /* waterstream.mp3 */ = {isa = PBXFileReference; lastKnownFileType = audio.mp3; path = waterstream.mp3; sourceTree = "<group>"; };
		A8C2FD321EF280EA009E7651 /* forest.mp3 */ = {isa = PBXFileReference; lastKnownFileType = audio.mp3; path = forest.mp3; sourceTree = "<group>"; };
		A8C2FD341EF2822A009E7651 /* leaves.mp3 */ = {isa = PBXFileReference; lastKnownFileType = audio.mp3; path = leaves.mp3; sourceTree = "<group>"; };
		BB0C1DB3BF1174FFDA6E0E0F /* libPods-XSoundTests.a */ = {isa = PBXFileReference; explicitFileType = archive.ar; includeInIndex = 0; path = "libPods-XSoundTests.a"; sourceTree = BUILT_PRODUCTS_DIR; };
		BB715B35A293248BAAAFEDCC /* libPods-XSoundUITests.a */ = {isa = PBXFileReference; explicitFileType = archive.ar; includeInIndex = 0; path = "libPods-XSoundUITests.a"; sourceTree = BUILT_PRODUCTS_DIR; };
		C2A1C7EAAA9B5C1B7C01CDD0 /* Pods-XSoundUITests.release.xcconfig */ = {isa = PBXFileReference; includeInIndex = 1; lastKnownFileType = text.xcconfig; name = "Pods-XSoundUITests.release.xcconfig"; path = "Pods/Target Support Files/Pods-XSoundUITests/Pods-XSoundUITests.release.xcconfig"; sourceTree = "<group>"; };
/* End PBXFileReference section */

/* Begin PBXFrameworksBuildPhase section */
		A8BEED341EE152F8002BAFFE /* Frameworks */ = {
			isa = PBXFrameworksBuildPhase;
			buildActionMask = 2147483647;
			files = (
				7B5A3F1BE6B2D202EF8A2AFE /* libPods-XSound.a in Frameworks */,
			);
			runOnlyForDeploymentPostprocessing = 0;
		};
		A8BEED4D1EE152F8002BAFFE /* Frameworks */ = {
			isa = PBXFrameworksBuildPhase;
			buildActionMask = 2147483647;
			files = (
				D4A1A316749E8AA8AD04204C /* libPods-XSoundTests.a in Frameworks */,
			);
			runOnlyForDeploymentPostprocessing = 0;
		};
		A8BEED581EE152F8002BAFFE /* Frameworks */ = {
			isa = PBXFrameworksBuildPhase;
			buildActionMask = 2147483647;
			files = (
				84A9229EC45C58D464998717 /* libPods-XSoundUITests.a in Frameworks */,
			);
			runOnlyForDeploymentPostprocessing = 0;
		};
/* End PBXFrameworksBuildPhase section */

/* Begin PBXGroup section */
		6372743D03BC9CE9534BC4EF /* Pods */ = {
			isa = PBXGroup;
			children = (
				10929C745E622A1FE90095BD /* Pods-XSound.debug.xcconfig */,
				1DFAE8A289F6C45B6503D004 /* Pods-XSound.release.xcconfig */,
				544AC317BFF96E72C58B9276 /* Pods-XSoundTests.debug.xcconfig */,
				A38332CD1C189927D69962BC /* Pods-XSoundTests.release.xcconfig */,
				5ECB3B51BFDE313178787BD4 /* Pods-XSoundUITests.debug.xcconfig */,
				C2A1C7EAAA9B5C1B7C01CDD0 /* Pods-XSoundUITests.release.xcconfig */,
			);
			name = Pods;
			sourceTree = "<group>";
		};
		A8BEED2E1EE152F8002BAFFE = {
			isa = PBXGroup;
			children = (
				A8BEED391EE152F8002BAFFE /* XSound */,
				A8BEED531EE152F8002BAFFE /* XSoundTests */,
				A8BEED5E1EE152F8002BAFFE /* XSoundUITests */,
				A8BEED381EE152F8002BAFFE /* Products */,
				6372743D03BC9CE9534BC4EF /* Pods */,
				CB3C713EBFA9F5940D46DEF1 /* Frameworks */,
			);
			sourceTree = "<group>";
		};
		A8BEED381EE152F8002BAFFE /* Products */ = {
			isa = PBXGroup;
			children = (
				A8BEED371EE152F8002BAFFE /* XSound.app */,
				A8BEED501EE152F8002BAFFE /* XSoundTests.xctest */,
				A8BEED5B1EE152F8002BAFFE /* XSoundUITests.xctest */,
			);
			name = Products;
			sourceTree = "<group>";
		};
		A8BEED391EE152F8002BAFFE /* XSound */ = {
			isa = PBXGroup;
			children = (
				A8BEED3D1EE152F8002BAFFE /* AppDelegate.h */,
				A8BEED3E1EE152F8002BAFFE /* AppDelegate.m */,
				A8BEED401EE152F8002BAFFE /* ViewController.h */,
				A8BEED411EE152F8002BAFFE /* ViewController.m */,
				A8C2FD111EEFBD8A009E7651 /* PlayView.h */,
				A8C2FD121EEFBD8A009E7651 /* PlayView.m */,
				A8C2FD1A1EF14249009E7651 /* train.mp3 */,
				A8C2FD321EF280EA009E7651 /* forest.mp3 */,
				A8C2FD281EF27499009E7651 /* brownnoise.wav */,
				A8C2FD301EF27F60009E7651 /* waterstream.mp3 */,
				A8C2FD341EF2822A009E7651 /* leaves.mp3 */,
				A8C2FD2C1EF27C51009E7651 /* fire.mp3 */,
				A8C2FD2A1EF27BC2009E7651 /* seaside.mp3 */,
				A8C2FD261EF2706A009E7651 /* pinknoise.wav */,
				A8C2FD2E1EF27EC8009E7651 /* water.mp3 */,
				A8C2FD141EF12DD6009E7651 /* rain.mp3 */,
				A8C2FD221EF26A29009E7651 /* pinknoise.mp3 */,
				A8C2FD161EF12E0A009E7651 /* thunderstorm.mp3 */,
				A8C2FD241EF27064009E7651 /* whitenoise.wav */,
				A8C2FD201EF266E5009E7651 /* summernight.mp3 */,
				A8BEED431EE152F8002BAFFE /* Main.storyboard */,
				A8BEED461EE152F8002BAFFE /* Assets.xcassets */,
				A8BEED481EE152F8002BAFFE /* LaunchScreen.storyboard */,
				A8BEED4B1EE152F8002BAFFE /* Info.plist */,
				A8BEED3A1EE152F8002BAFFE /* Supporting Files */,
			);
			path = XSound;
			sourceTree = "<group>";
		};
		A8BEED3A1EE152F8002BAFFE /* Supporting Files */ = {
			isa = PBXGroup;
			children = (
				A8BEED3B1EE152F8002BAFFE /* main.m */,
			);
			name = "Supporting Files";
			sourceTree = "<group>";
		};
		A8BEED531EE152F8002BAFFE /* XSoundTests */ = {
			isa = PBXGroup;
			children = (
				A8BEED541EE152F8002BAFFE /* XSoundTests.m */,
				A8BEED561EE152F8002BAFFE /* Info.plist */,
			);
			path = XSoundTests;
			sourceTree = "<group>";
		};
		A8BEED5E1EE152F8002BAFFE /* XSoundUITests */ = {
			isa = PBXGroup;
			children = (
				A8BEED5F1EE152F8002BAFFE /* XSoundUITests.m */,
				A8BEED611EE152F8002BAFFE /* Info.plist */,
			);
			path = XSoundUITests;
			sourceTree = "<group>";
		};
		CB3C713EBFA9F5940D46DEF1 /* Frameworks */ = {
			isa = PBXGroup;
			children = (
				581823E12DEED1EF665243EB /* libPods-XSound.a */,
				BB0C1DB3BF1174FFDA6E0E0F /* libPods-XSoundTests.a */,
				BB715B35A293248BAAAFEDCC /* libPods-XSoundUITests.a */,
			);
			name = Frameworks;
			sourceTree = "<group>";
		};
/* End PBXGroup section */

/* Begin PBXNativeTarget section */
		A8BEED361EE152F8002BAFFE /* XSound */ = {
			isa = PBXNativeTarget;
			buildConfigurationList = A8BEED641EE152F8002BAFFE /* Build configuration list for PBXNativeTarget "XSound" */;
			buildPhases = (
				6D1EDD3811E90B79FE0ADE75 /* [CP] Check Pods Manifest.lock */,
				A8BEED331EE152F8002BAFFE /* Sources */,
				A8BEED341EE152F8002BAFFE /* Frameworks */,
				A8BEED351EE152F8002BAFFE /* Resources */,
				BD85AEB0E75E7431858090B7 /* [CP] Embed Pods Frameworks */,
				A20B04CF1BC862C21FC7AE8B /* [CP] Copy Pods Resources */,
			);
			buildRules = (
			);
			dependencies = (
			);
			name = XSound;
			productName = XSound;
			productReference = A8BEED371EE152F8002BAFFE /* XSound.app */;
			productType = "com.apple.product-type.application";
		};
		A8BEED4F1EE152F8002BAFFE /* XSoundTests */ = {
			isa = PBXNativeTarget;
			buildConfigurationList = A8BEED671EE152F8002BAFFE /* Build configuration list for PBXNativeTarget "XSoundTests" */;
			buildPhases = (
				786D22E091862D6CB8AD4074 /* [CP] Check Pods Manifest.lock */,
				A8BEED4C1EE152F8002BAFFE /* Sources */,
				A8BEED4D1EE152F8002BAFFE /* Frameworks */,
				A8BEED4E1EE152F8002BAFFE /* Resources */,
				B75C899BD97668AB52E5C6DF /* [CP] Embed Pods Frameworks */,
				C938EA827CA6E3BF42445F69 /* [CP] Copy Pods Resources */,
			);
			buildRules = (
			);
			dependencies = (
				A8BEED521EE152F8002BAFFE /* PBXTargetDependency */,
			);
			name = XSoundTests;
			productName = XSoundTests;
			productReference = A8BEED501EE152F8002BAFFE /* XSoundTests.xctest */;
			productType = "com.apple.product-type.bundle.unit-test";
		};
		A8BEED5A1EE152F8002BAFFE /* XSoundUITests */ = {
			isa = PBXNativeTarget;
			buildConfigurationList = A8BEED6A1EE152F8002BAFFE /* Build configuration list for PBXNativeTarget "XSoundUITests" */;
			buildPhases = (
				ACC7838E315F92F82FF961A5 /* [CP] Check Pods Manifest.lock */,
				A8BEED571EE152F8002BAFFE /* Sources */,
				A8BEED581EE152F8002BAFFE /* Frameworks */,
				A8BEED591EE152F8002BAFFE /* Resources */,
				A3596E55871BE397909E989F /* [CP] Embed Pods Frameworks */,
				33A840309D44D1F49B889FCC /* [CP] Copy Pods Resources */,
			);
			buildRules = (
			);
			dependencies = (
				A8BEED5D1EE152F8002BAFFE /* PBXTargetDependency */,
			);
			name = XSoundUITests;
			productName = XSoundUITests;
			productReference = A8BEED5B1EE152F8002BAFFE /* XSoundUITests.xctest */;
			productType = "com.apple.product-type.bundle.ui-testing";
		};
/* End PBXNativeTarget section */

/* Begin PBXProject section */
		A8BEED2F1EE152F8002BAFFE /* Project object */ = {
			isa = PBXProject;
			attributes = {
				LastUpgradeCheck = 0830;
				ORGANIZATIONNAME = NASA;
				TargetAttributes = {
					A8BEED361EE152F8002BAFFE = {
						CreatedOnToolsVersion = 8.3.2;
						DevelopmentTeam = U4TQF545XN;
						ProvisioningStyle = Automatic;
					};
					A8BEED4F1EE152F8002BAFFE = {
						CreatedOnToolsVersion = 8.3.2;
						DevelopmentTeam = U4TQF545XN;
						ProvisioningStyle = Automatic;
						TestTargetID = A8BEED361EE152F8002BAFFE;
					};
					A8BEED5A1EE152F8002BAFFE = {
						CreatedOnToolsVersion = 8.3.2;
						DevelopmentTeam = U4TQF545XN;
						ProvisioningStyle = Automatic;
						TestTargetID = A8BEED361EE152F8002BAFFE;
					};
				};
			};
			buildConfigurationList = A8BEED321EE152F8002BAFFE /* Build configuration list for PBXProject "XSound" */;
			compatibilityVersion = "Xcode 3.2";
			developmentRegion = English;
			hasScannedForEncodings = 0;
			knownRegions = (
				en,
				Base,
			);
			mainGroup = A8BEED2E1EE152F8002BAFFE;
			productRefGroup = A8BEED381EE152F8002BAFFE /* Products */;
			projectDirPath = "";
			projectRoot = "";
			targets = (
				A8BEED361EE152F8002BAFFE /* XSound */,
				A8BEED4F1EE152F8002BAFFE /* XSoundTests */,
				A8BEED5A1EE152F8002BAFFE /* XSoundUITests */,
			);
		};
/* End PBXProject section */

/* Begin PBXResourcesBuildPhase section */
		A8BEED351EE152F8002BAFFE /* Resources */ = {
			isa = PBXResourcesBuildPhase;
			buildActionMask = 2147483647;
			files = (
				A8C2FD351EF2822A009E7651 /* leaves.mp3 in Resources */,
				A8C2FD151EF12DD6009E7651 /* rain.mp3 in Resources */,
				A8BEED4A1EE152F8002BAFFE /* LaunchScreen.storyboard in Resources */,
				A8C2FD211EF266E5009E7651 /* summernight.mp3 in Resources */,
				A8C2FD171EF12E0A009E7651 /* thunderstorm.mp3 in Resources */,
				A8C2FD271EF2706A009E7651 /* pinknoise.wav in Resources */,
				A8BEED471EE152F8002BAFFE /* Assets.xcassets in Resources */,
				A8C2FD311EF27F60009E7651 /* waterstream.mp3 in Resources */,
				A8C2FD291EF27499009E7651 /* brownnoise.wav in Resources */,
				A8BEED451EE152F8002BAFFE /* Main.storyboard in Resources */,
				A8C2FD2D1EF27C51009E7651 /* fire.mp3 in Resources */,
				A8C2FD1B1EF14249009E7651 /* train.mp3 in Resources */,
				A8C2FD331EF280EA009E7651 /* forest.mp3 in Resources */,
				A8C2FD2F1EF27EC8009E7651 /* water.mp3 in Resources */,
				A8C2FD231EF26A29009E7651 /* pinknoise.mp3 in Resources */,
				A8C2FD251EF27064009E7651 /* whitenoise.wav in Resources */,
				A8C2FD2B1EF27BC2009E7651 /* seaside.mp3 in Resources */,
			);
			runOnlyForDeploymentPostprocessing = 0;
		};
		A8BEED4E1EE152F8002BAFFE /* Resources */ = {
			isa = PBXResourcesBuildPhase;
			buildActionMask = 2147483647;
			files = (
			);
			runOnlyForDeploymentPostprocessing = 0;
		};
		A8BEED591EE152F8002BAFFE /* Resources */ = {
			isa = PBXResourcesBuildPhase;
			buildActionMask = 2147483647;
			files = (
			);
			runOnlyForDeploymentPostprocessing = 0;
		};
/* End PBXResourcesBuildPhase section */

/* Begin PBXShellScriptBuildPhase section */
		33A840309D44D1F49B889FCC /* [CP] Copy Pods Resources */ = {
			isa = PBXShellScriptBuildPhase;
			buildActionMask = 2147483647;
			files = (
			);
			inputPaths = (
			);
			name = "[CP] Copy Pods Resources";
			outputPaths = (
			);
			runOnlyForDeploymentPostprocessing = 0;
			shellPath = /bin/sh;
			shellScript = "\"${SRCROOT}/Pods/Target Support Files/Pods-XSoundUITests/Pods-XSoundUITests-resources.sh\"\n";
			showEnvVarsInLog = 0;
		};
		6D1EDD3811E90B79FE0ADE75 /* [CP] Check Pods Manifest.lock */ = {
			isa = PBXShellScriptBuildPhase;
			buildActionMask = 2147483647;
			files = (
			);
			inputPaths = (
			);
			name = "[CP] Check Pods Manifest.lock";
			outputPaths = (
			);
			runOnlyForDeploymentPostprocessing = 0;
			shellPath = /bin/sh;
			shellScript = "diff \"${PODS_PODFILE_DIR_PATH}/Podfile.lock\" \"${PODS_ROOT}/Manifest.lock\" > /dev/null\nif [ $? != 0 ] ; then\n    # print error to STDERR\n    echo \"error: The sandbox is not in sync with the Podfile.lock. Run 'pod install' or update your CocoaPods installation.\" >&2\n    exit 1\nfi\n";
			showEnvVarsInLog = 0;
		};
		786D22E091862D6CB8AD4074 /* [CP] Check Pods Manifest.lock */ = {
			isa = PBXShellScriptBuildPhase;
			buildActionMask = 2147483647;
			files = (
			);
			inputPaths = (
			);
			name = "[CP] Check Pods Manifest.lock";
			outputPaths = (
			);
			runOnlyForDeploymentPostprocessing = 0;
			shellPath = /bin/sh;
			shellScript = "diff \"${PODS_PODFILE_DIR_PATH}/Podfile.lock\" \"${PODS_ROOT}/Manifest.lock\" > /dev/null\nif [ $? != 0 ] ; then\n    # print error to STDERR\n    echo \"error: The sandbox is not in sync with the Podfile.lock. Run 'pod install' or update your CocoaPods installation.\" >&2\n    exit 1\nfi\n";
			showEnvVarsInLog = 0;
		};
		A20B04CF1BC862C21FC7AE8B /* [CP] Copy Pods Resources */ = {
			isa = PBXShellScriptBuildPhase;
			buildActionMask = 2147483647;
			files = (
			);
			inputPaths = (
			);
			name = "[CP] Copy Pods Resources";
			outputPaths = (
			);
			runOnlyForDeploymentPostprocessing = 0;
			shellPath = /bin/sh;
			shellScript = "\"${SRCROOT}/Pods/Target Support Files/Pods-XSound/Pods-XSound-resources.sh\"\n";
			showEnvVarsInLog = 0;
		};
		A3596E55871BE397909E989F /* [CP] Embed Pods Frameworks */ = {
			isa = PBXShellScriptBuildPhase;
			buildActionMask = 2147483647;
			files = (
			);
			inputPaths = (
			);
			name = "[CP] Embed Pods Frameworks";
			outputPaths = (
			);
			runOnlyForDeploymentPostprocessing = 0;
			shellPath = /bin/sh;
			shellScript = "\"${SRCROOT}/Pods/Target Support Files/Pods-XSoundUITests/Pods-XSoundUITests-frameworks.sh\"\n";
			showEnvVarsInLog = 0;
		};
		ACC7838E315F92F82FF961A5 /* [CP] Check Pods Manifest.lock */ = {
			isa = PBXShellScriptBuildPhase;
			buildActionMask = 2147483647;
			files = (
			);
			inputPaths = (
			);
			name = "[CP] Check Pods Manifest.lock";
			outputPaths = (
			);
			runOnlyForDeploymentPostprocessing = 0;
			shellPath = /bin/sh;
			shellScript = "diff \"${PODS_PODFILE_DIR_PATH}/Podfile.lock\" \"${PODS_ROOT}/Manifest.lock\" > /dev/null\nif [ $? != 0 ] ; then\n    # print error to STDERR\n    echo \"error: The sandbox is not in sync with the Podfile.lock. Run 'pod install' or update your CocoaPods installation.\" >&2\n    exit 1\nfi\n";
			showEnvVarsInLog = 0;
		};
		B75C899BD97668AB52E5C6DF /* [CP] Embed Pods Frameworks */ = {
			isa = PBXShellScriptBuildPhase;
			buildActionMask = 2147483647;
			files = (
			);
			inputPaths = (
			);
			name = "[CP] Embed Pods Frameworks";
			outputPaths = (
			);
			runOnlyForDeploymentPostprocessing = 0;
			shellPath = /bin/sh;
			shellScript = "\"${SRCROOT}/Pods/Target Support Files/Pods-XSoundTests/Pods-XSoundTests-frameworks.sh\"\n";
			showEnvVarsInLog = 0;
		};
		BD85AEB0E75E7431858090B7 /* [CP] Embed Pods Frameworks */ = {
			isa = PBXShellScriptBuildPhase;
			buildActionMask = 2147483647;
			files = (
			);
			inputPaths = (
			);
			name = "[CP] Embed Pods Frameworks";
			outputPaths = (
			);
			runOnlyForDeploymentPostprocessing = 0;
			shellPath = /bin/sh;
			shellScript = "\"${SRCROOT}/Pods/Target Support Files/Pods-XSound/Pods-XSound-frameworks.sh\"\n";
			showEnvVarsInLog = 0;
		};
		C938EA827CA6E3BF42445F69 /* [CP] Copy Pods Resources */ = {
			isa = PBXShellScriptBuildPhase;
			buildActionMask = 2147483647;
			files = (
			);
			inputPaths = (
			);
			name = "[CP] Copy Pods Resources";
			outputPaths = (
			);
			runOnlyForDeploymentPostprocessing = 0;
			shellPath = /bin/sh;
			shellScript = "\"${SRCROOT}/Pods/Target Support Files/Pods-XSoundTests/Pods-XSoundTests-resources.sh\"\n";
			showEnvVarsInLog = 0;
		};
/* End PBXShellScriptBuildPhase section */

/* Begin PBXSourcesBuildPhase section */
		A8BEED331EE152F8002BAFFE /* Sources */ = {
			isa = PBXSourcesBuildPhase;
			buildActionMask = 2147483647;
			files = (
				A8BEED421EE152F8002BAFFE /* ViewController.m in Sources */,
				A8BEED3F1EE152F8002BAFFE /* AppDelegate.m in Sources */,
				A8C2FD131EEFBD8A009E7651 /* PlayView.m in Sources */,
				A8BEED3C1EE152F8002BAFFE /* main.m in Sources */,
			);
			runOnlyForDeploymentPostprocessing = 0;
		};
		A8BEED4C1EE152F8002BAFFE /* Sources */ = {
			isa = PBXSourcesBuildPhase;
			buildActionMask = 2147483647;
			files = (
				A8BEED551EE152F8002BAFFE /* XSoundTests.m in Sources */,
			);
			runOnlyForDeploymentPostprocessing = 0;
		};
		A8BEED571EE152F8002BAFFE /* Sources */ = {
			isa = PBXSourcesBuildPhase;
			buildActionMask = 2147483647;
			files = (
				A8BEED601EE152F8002BAFFE /* XSoundUITests.m in Sources */,
			);
			runOnlyForDeploymentPostprocessing = 0;
		};
/* End PBXSourcesBuildPhase section */

/* Begin PBXTargetDependency section */
		A8BEED521EE152F8002BAFFE /* PBXTargetDependency */ = {
			isa = PBXTargetDependency;
			target = A8BEED361EE152F8002BAFFE /* XSound */;
			targetProxy = A8BEED511EE152F8002BAFFE /* PBXContainerItemProxy */;
		};
		A8BEED5D1EE152F8002BAFFE /* PBXTargetDependency */ = {
			isa = PBXTargetDependency;
			target = A8BEED361EE152F8002BAFFE /* XSound */;
			targetProxy = A8BEED5C1EE152F8002BAFFE /* PBXContainerItemProxy */;
		};
/* End PBXTargetDependency section */

/* Begin PBXVariantGroup section */
		A8BEED431EE152F8002BAFFE /* Main.storyboard */ = {
			isa = PBXVariantGroup;
			children = (
				A8BEED441EE152F8002BAFFE /* Base */,
			);
			name = Main.storyboard;
			sourceTree = "<group>";
		};
		A8BEED481EE152F8002BAFFE /* LaunchScreen.storyboard */ = {
			isa = PBXVariantGroup;
			children = (
				A8BEED491EE152F8002BAFFE /* Base */,
			);
			name = LaunchScreen.storyboard;
			sourceTree = "<group>";
		};
/* End PBXVariantGroup section */

/* Begin XCBuildConfiguration section */
		A8BEED621EE152F8002BAFFE /* Debug */ = {
			isa = XCBuildConfiguration;
			buildSettings = {
				ALWAYS_SEARCH_USER_PATHS = NO;
				CLANG_ANALYZER_NONNULL = YES;
				CLANG_ANALYZER_NUMBER_OBJECT_CONVERSION = YES_AGGRESSIVE;
				CLANG_CXX_LANGUAGE_STANDARD = "gnu++0x";
				CLANG_CXX_LIBRARY = "libc++";
				CLANG_ENABLE_MODULES = YES;
				CLANG_ENABLE_OBJC_ARC = YES;
				CLANG_WARN_BOOL_CONVERSION = YES;
				CLANG_WARN_CONSTANT_CONVERSION = YES;
				CLANG_WARN_DIRECT_OBJC_ISA_USAGE = YES_ERROR;
				CLANG_WARN_DOCUMENTATION_COMMENTS = YES;
				CLANG_WARN_EMPTY_BODY = YES;
				CLANG_WARN_ENUM_CONVERSION = YES;
				CLANG_WARN_INFINITE_RECURSION = YES;
				CLANG_WARN_INT_CONVERSION = YES;
				CLANG_WARN_OBJC_ROOT_CLASS = YES_ERROR;
				CLANG_WARN_SUSPICIOUS_MOVE = YES;
				CLANG_WARN_UNREACHABLE_CODE = YES;
				CLANG_WARN__DUPLICATE_METHOD_MATCH = YES;
				"CODE_SIGN_IDENTITY[sdk=iphoneos*]" = "iPhone Developer";
				COPY_PHASE_STRIP = NO;
				DEBUG_INFORMATION_FORMAT = dwarf;
				ENABLE_STRICT_OBJC_MSGSEND = YES;
				ENABLE_TESTABILITY = YES;
				GCC_C_LANGUAGE_STANDARD = gnu99;
				GCC_DYNAMIC_NO_PIC = NO;
				GCC_NO_COMMON_BLOCKS = YES;
				GCC_OPTIMIZATION_LEVEL = 0;
				GCC_PREPROCESSOR_DEFINITIONS = (
					"DEBUG=1",
					"$(inherited)",
				);
				GCC_WARN_64_TO_32_BIT_CONVERSION = YES;
				GCC_WARN_ABOUT_RETURN_TYPE = YES_ERROR;
				GCC_WARN_UNDECLARED_SELECTOR = YES;
				GCC_WARN_UNINITIALIZED_AUTOS = YES_AGGRESSIVE;
				GCC_WARN_UNUSED_FUNCTION = YES;
				GCC_WARN_UNUSED_VARIABLE = YES;
				IPHONEOS_DEPLOYMENT_TARGET = 10.3;
				MTL_ENABLE_DEBUG_INFO = YES;
				ONLY_ACTIVE_ARCH = YES;
				SDKROOT = iphoneos;
			};
			name = Debug;
		};
		A8BEED631EE152F8002BAFFE /* Release */ = {
			isa = XCBuildConfiguration;
			buildSettings = {
				ALWAYS_SEARCH_USER_PATHS = NO;
				CLANG_ANALYZER_NONNULL = YES;
				CLANG_ANALYZER_NUMBER_OBJECT_CONVERSION = YES_AGGRESSIVE;
				CLANG_CXX_LANGUAGE_STANDARD = "gnu++0x";
				CLANG_CXX_LIBRARY = "libc++";
				CLANG_ENABLE_MODULES = YES;
				CLANG_ENABLE_OBJC_ARC = YES;
				CLANG_WARN_BOOL_CONVERSION = YES;
				CLANG_WARN_CONSTANT_CONVERSION = YES;
				CLANG_WARN_DIRECT_OBJC_ISA_USAGE = YES_ERROR;
				CLANG_WARN_DOCUMENTATION_COMMENTS = YES;
				CLANG_WARN_EMPTY_BODY = YES;
				CLANG_WARN_ENUM_CONVERSION = YES;
				CLANG_WARN_INFINITE_RECURSION = YES;
				CLANG_WARN_INT_CONVERSION = YES;
				CLANG_WARN_OBJC_ROOT_CLASS = YES_ERROR;
				CLANG_WARN_SUSPICIOUS_MOVE = YES;
				CLANG_WARN_UNREACHABLE_CODE = YES;
				CLANG_WARN__DUPLICATE_METHOD_MATCH = YES;
				"CODE_SIGN_IDENTITY[sdk=iphoneos*]" = "iPhone Developer";
				COPY_PHASE_STRIP = NO;
				DEBUG_INFORMATION_FORMAT = "dwarf-with-dsym";
				ENABLE_NS_ASSERTIONS = NO;
				ENABLE_STRICT_OBJC_MSGSEND = YES;
				GCC_C_LANGUAGE_STANDARD = gnu99;
				GCC_NO_COMMON_BLOCKS = YES;
				GCC_WARN_64_TO_32_BIT_CONVERSION = YES;
				GCC_WARN_ABOUT_RETURN_TYPE = YES_ERROR;
				GCC_WARN_UNDECLARED_SELECTOR = YES;
				GCC_WARN_UNINITIALIZED_AUTOS = YES_AGGRESSIVE;
				GCC_WARN_UNUSED_FUNCTION = YES;
				GCC_WARN_UNUSED_VARIABLE = YES;
				IPHONEOS_DEPLOYMENT_TARGET = 10.3;
				MTL_ENABLE_DEBUG_INFO = NO;
				SDKROOT = iphoneos;
				VALIDATE_PRODUCT = YES;
			};
			name = Release;
		};
		A8BEED651EE152F8002BAFFE /* Debug */ = {
			isa = XCBuildConfiguration;
			baseConfigurationReference = 10929C745E622A1FE90095BD /* Pods-XSound.debug.xcconfig */;
			buildSettings = {
				ASSETCATALOG_COMPILER_APPICON_NAME = AppIcon;
				DEVELOPMENT_TEAM = U4TQF545XN;
				INFOPLIST_FILE = XSound/Info.plist;
				LD_RUNPATH_SEARCH_PATHS = "$(inherited) @executable_path/Frameworks";
				PRODUCT_BUNDLE_IDENTIFIER = stream.XSound;
				PRODUCT_NAME = "$(TARGET_NAME)";
			};
			name = Debug;
		};
		A8BEED661EE152F8002BAFFE /* Release */ = {
			isa = XCBuildConfiguration;
			baseConfigurationReference = 1DFAE8A289F6C45B6503D004 /* Pods-XSound.release.xcconfig */;
			buildSettings = {
				ASSETCATALOG_COMPILER_APPICON_NAME = AppIcon;
				DEVELOPMENT_TEAM = U4TQF545XN;
				INFOPLIST_FILE = XSound/Info.plist;
				LD_RUNPATH_SEARCH_PATHS = "$(inherited) @executable_path/Frameworks";
				PRODUCT_BUNDLE_IDENTIFIER = stream.XSound;
				PRODUCT_NAME = "$(TARGET_NAME)";
			};
			name = Release;
		};
		A8BEED681EE152F8002BAFFE /* Debug */ = {
			isa = XCBuildConfiguration;
			baseConfigurationReference = 544AC317BFF96E72C58B9276 /* Pods-XSoundTests.debug.xcconfig */;
			buildSettings = {
				BUNDLE_LOADER = "$(TEST_HOST)";
				DEVELOPMENT_TEAM = U4TQF545XN;
				INFOPLIST_FILE = XSoundTests/Info.plist;
				LD_RUNPATH_SEARCH_PATHS = "$(inherited) @executable_path/Frameworks @loader_path/Frameworks";
				PRODUCT_BUNDLE_IDENTIFIER = stream.XSoundTests;
				PRODUCT_NAME = "$(TARGET_NAME)";
				TEST_HOST = "$(BUILT_PRODUCTS_DIR)/XSound.app/XSound";
			};
			name = Debug;
		};
		A8BEED691EE152F8002BAFFE /* Release */ = {
			isa = XCBuildConfiguration;
			baseConfigurationReference = A38332CD1C189927D69962BC /* Pods-XSoundTests.release.xcconfig */;
			buildSettings = {
				BUNDLE_LOADER = "$(TEST_HOST)";
				DEVELOPMENT_TEAM = U4TQF545XN;
				INFOPLIST_FILE = XSoundTests/Info.plist;
				LD_RUNPATH_SEARCH_PATHS = "$(inherited) @executable_path/Frameworks @loader_path/Frameworks";
				PRODUCT_BUNDLE_IDENTIFIER = stream.XSoundTests;
				PRODUCT_NAME = "$(TARGET_NAME)";
				TEST_HOST = "$(BUILT_PRODUCTS_DIR)/XSound.app/XSound";
			};
			name = Release;
		};
		A8BEED6B1EE152F8002BAFFE /* Debug */ = {
			isa = XCBuildConfiguration;
			baseConfigurationReference = 5ECB3B51BFDE313178787BD4 /* Pods-XSoundUITests.debug.xcconfig */;
			buildSettings = {
				DEVELOPMENT_TEAM = U4TQF545XN;
				INFOPLIST_FILE = XSoundUITests/Info.plist;
				LD_RUNPATH_SEARCH_PATHS = "$(inherited) @executable_path/Frameworks @loader_path/Frameworks";
				PRODUCT_BUNDLE_IDENTIFIER = stream.XSoundUITests;
				PRODUCT_NAME = "$(TARGET_NAME)";
				TEST_TARGET_NAME = XSound;
			};
			name = Debug;
		};
		A8BEED6C1EE152F8002BAFFE /* Release */ = {
			isa = XCBuildConfiguration;
			baseConfigurationReference = C2A1C7EAAA9B5C1B7C01CDD0 /* Pods-XSoundUITests.release.xcconfig */;
			buildSettings = {
				DEVELOPMENT_TEAM = U4TQF545XN;
				INFOPLIST_FILE = XSoundUITests/Info.plist;
				LD_RUNPATH_SEARCH_PATHS = "$(inherited) @executable_path/Frameworks @loader_path/Frameworks";
				PRODUCT_BUNDLE_IDENTIFIER = stream.XSoundUITests;
				PRODUCT_NAME = "$(TARGET_NAME)";
				TEST_TARGET_NAME = XSound;
			};
			name = Release;
		};
/* End XCBuildConfiguration section */

/* Begin XCConfigurationList section */
		A8BEED321EE152F8002BAFFE /* Build configuration list for PBXProject "XSound" */ = {
			isa = XCConfigurationList;
			buildConfigurations = (
				A8BEED621EE152F8002BAFFE /* Debug */,
				A8BEED631EE152F8002BAFFE /* Release */,
			);
			defaultConfigurationIsVisible = 0;
			defaultConfigurationName = Release;
		};
		A8BEED641EE152F8002BAFFE /* Build configuration list for PBXNativeTarget "XSound" */ = {
			isa = XCConfigurationList;
			buildConfigurations = (
				A8BEED651EE152F8002BAFFE /* Debug */,
				A8BEED661EE152F8002BAFFE /* Release */,
			);
			defaultConfigurationIsVisible = 0;
			defaultConfigurationName = Release;
		};
		A8BEED671EE152F8002BAFFE /* Build configuration list for PBXNativeTarget "XSoundTests" */ = {
			isa = XCConfigurationList;
			buildConfigurations = (
				A8BEED681EE152F8002BAFFE /* Debug */,
				A8BEED691EE152F8002BAFFE /* Release */,
			);
			defaultConfigurationIsVisible = 0;
			defaultConfigurationName = Release;
		};
		A8BEED6A1EE152F8002BAFFE /* Build configuration list for PBXNativeTarget "XSoundUITests" */ = {
			isa = XCConfigurationList;
			buildConfigurations = (
				A8BEED6B1EE152F8002BAFFE /* Debug */,
				A8BEED6C1EE152F8002BAFFE /* Release */,
			);
			defaultConfigurationIsVisible = 0;
			defaultConfigurationName = Release;
		};
/* End XCConfigurationList section */
	};
	rootObject = A8BEED2F1EE152F8002BAFFE /* Project object */;
}
